github.com/gone-io/gone/v2 v2.0.6 h1:OsshPSwqftNU39h5EC3o/svMVUeKkjDBKUVmndNdH5g=
github.com/gone-io/gone/v2 v2.0.6/go.mod h1:R6eUqkbiF/L6Lfd7OsUzNW1SpaXhUb7zc8nQj/i04xE=
github.com/google/uuid v1.6.0 h1:NIvaJDMOsjHA8n1jAhLSgzrAzy1Hgr+hNrb57e+94F0=
github.com/google/uuid v1.6.0/go.mod h1:TIyPZe4MgqvfeYDBFedMoGGpEw/LqOeaOT+nhxU+yHo=
github.com/gopherjs/gopherjs v1.17.2 h1:fQnZVsXk8uxXIStYb0N4bGk7jeyTalG/wsZjQ25dO0g=
github.com/gopherjs/gopherjs v1.17.2/go.mod h1:pRRIvn/QzFLrKfvEz3qUuEhtE/zLCWfreZ6J5gM2i+k=
github.com/jtolds/gls v4.20.0+incompatible h1:xdiiI2gbIgH/gLH7ADydsJ1uDOEzR8yvV7C0MuV77Wo=
github.com/jtolds/gls v4.20.0+incompatible/go.mod h1:QJZ7F/aHp+rZTRtaJ1ow/lLfFfVYBRgL+9YlvaHOwJU=
github.com/petermattis/goid v0.0.0-20250319124200-ccd6737f222a h1:S+AGcmAESQ0pXCUNnRH7V+bOUIgkSX5qVt2cNKCrm0Q=
github.com/petermattis/goid v0.0.0-20250319124200-ccd6737f222a/go.mod h1:pxMtw7cyUw6B2bRH0ZBANSPg+AoSud1I1iyJHI69jH4=
