github.com/gone-io/gone/v2 v2.2.6 h1:TYThfGrvjMXG8IVJU4cyfg058pzeNjb69uJ092UQ3JU=
github.com/gone-io/gone/v2 v2.2.6/go.mod h1:ziwtUyHS+CJICGyh102JG2txvjPoeCp4oVoWYt7CfHs=
go.uber.org/mock v0.5.2 h1:LbtPTcP8A5k9WPXj54PPPbjcI4Y6lhyOZXn+VS7wNko=
go.uber.org/mock v0.5.2/go.mod h1:wLlUxC2vVTPTaE3UD51E0BGOAElKrILxhVSDYQLld5o=
